
Microsoft Visual Studio Solution File, Format Version 12.00
Project("{FAE04EC0-301F-11D3-BF4B-00C04F79EFBC}") = "Lumina", "Lumina\Lumina.csproj", "{4B3957D0-3904-4492-8CFA-86791E1DDD6D}"
EndProject
Project("{FAE04EC0-301F-11D3-BF4B-00C04F79EFBC}") = "Lumina.Example", "Lumina.Example\Lumina.Example.csproj", "{6148BD34-08B8-4503-B074-28BA2141A54C}"
EndProject
Project("{FAE04EC0-301F-11D3-BF4B-00C04F79EFBC}") = "Lumina.Tests", "Lumina.Tests\Lumina.Tests.csproj", "{210B2A38-44B0-4BC7-919E-D61BD31B4921}"
EndProject
Project("{FAE04EC0-301F-11D3-BF4B-00C04F79EFBC}") = "Lumina.SpaghettiGenerator", "Lumina.SpaghettiGenerator\Lumina.SpaghettiGenerator.csproj", "{206E65C3-5CDF-4FB1-B66A-A0A8BDCDFBC2}"
EndProject
Project("{FAE04EC0-301F-11D3-BF4B-00C04F79EFBC}") = "Lumina.Cmd", "Lumina.Cmd\Lumina.Cmd.csproj", "{3637C5FA-3A4F-4275-9C61-4C8CAC955B49}"
EndProject
Project("{FAE04EC0-301F-11D3-BF4B-00C04F79EFBC}") = "Umbra", "Umbra\Umbra.csproj", "{E7ABFDD6-53B5-40C9-89E4-A62B548E561A}"
EndProject
Global
	GlobalSection(SolutionConfigurationPlatforms) = preSolution
		Debug|Any CPU = Debug|Any CPU
		Release|Any CPU = Release|Any CPU
	EndGlobalSection
	GlobalSection(ProjectConfigurationPlatforms) = postSolution
		{4B3957D0-3904-4492-8CFA-86791E1DDD6D}.Debug|Any CPU.ActiveCfg = Debug|Any CPU
		{4B3957D0-3904-4492-8CFA-86791E1DDD6D}.Debug|Any CPU.Build.0 = Debug|Any CPU
		{4B3957D0-3904-4492-8CFA-86791E1DDD6D}.Release|Any CPU.ActiveCfg = Release|Any CPU
		{4B3957D0-3904-4492-8CFA-86791E1DDD6D}.Release|Any CPU.Build.0 = Release|Any CPU
		{6148BD34-08B8-4503-B074-28BA2141A54C}.Debug|Any CPU.ActiveCfg = Debug|Any CPU
		{6148BD34-08B8-4503-B074-28BA2141A54C}.Debug|Any CPU.Build.0 = Debug|Any CPU
		{6148BD34-08B8-4503-B074-28BA2141A54C}.Release|Any CPU.ActiveCfg = Release|Any CPU
		{6148BD34-08B8-4503-B074-28BA2141A54C}.Release|Any CPU.Build.0 = Release|Any CPU
		{210B2A38-44B0-4BC7-919E-D61BD31B4921}.Debug|Any CPU.ActiveCfg = Debug|Any CPU
		{210B2A38-44B0-4BC7-919E-D61BD31B4921}.Debug|Any CPU.Build.0 = Debug|Any CPU
		{210B2A38-44B0-4BC7-919E-D61BD31B4921}.Release|Any CPU.ActiveCfg = Release|Any CPU
		{210B2A38-44B0-4BC7-919E-D61BD31B4921}.Release|Any CPU.Build.0 = Release|Any CPU
		{206E65C3-5CDF-4FB1-B66A-A0A8BDCDFBC2}.Debug|Any CPU.ActiveCfg = Debug|Any CPU
		{206E65C3-5CDF-4FB1-B66A-A0A8BDCDFBC2}.Debug|Any CPU.Build.0 = Debug|Any CPU
		{206E65C3-5CDF-4FB1-B66A-A0A8BDCDFBC2}.Release|Any CPU.ActiveCfg = Release|Any CPU
		{206E65C3-5CDF-4FB1-B66A-A0A8BDCDFBC2}.Release|Any CPU.Build.0 = Release|Any CPU
		{3637C5FA-3A4F-4275-9C61-4C8CAC955B49}.Debug|Any CPU.ActiveCfg = Debug|Any CPU
		{3637C5FA-3A4F-4275-9C61-4C8CAC955B49}.Debug|Any CPU.Build.0 = Debug|Any CPU
		{3637C5FA-3A4F-4275-9C61-4C8CAC955B49}.Release|Any CPU.ActiveCfg = Release|Any CPU
		{3637C5FA-3A4F-4275-9C61-4C8CAC955B49}.Release|Any CPU.Build.0 = Release|Any CPU
		{E7ABFDD6-53B5-40C9-89E4-A62B548E561A}.Debug|Any CPU.ActiveCfg = Debug|Any CPU
		{E7ABFDD6-53B5-40C9-89E4-A62B548E561A}.Debug|Any CPU.Build.0 = Debug|Any CPU
		{E7ABFDD6-53B5-40C9-89E4-A62B548E561A}.Release|Any CPU.ActiveCfg = Release|Any CPU
		{E7ABFDD6-53B5-40C9-89E4-A62B548E561A}.Release|Any CPU.Build.0 = Release|Any CPU
	EndGlobalSection
EndGlobal
